
Microsoft Visual Studio Solution File, Format Version 12.00
# Visual Studio Version 17
VisualStudioVersion = 17.5.33516.290
MinimumVisualStudioVersion = 10.0.40219.1
Project("{9A19103F-16F7-4668-BE54-9A1E7A4F7556}") = "ProjectTrackerWebAPI", "ProjectTrackerWebAPI\ProjectTrackerWebAPI.csproj", "{1D23A566-DF2C-4219-A7E9-ADAA69CDFC60}"
EndProject
Global
	GlobalSection(SolutionConfigurationPlatforms) = preSolution
		Debug|Any CPU = Debug|Any CPU
		Release|Any CPU = Release|Any CPU
	EndGlobalSection
	GlobalSection(ProjectConfigurationPlatforms) = postSolution
		{1D23A566-DF2C-4219-A7E9-ADAA69CDFC60}.Debug|Any CPU.ActiveCfg = Debug|Any CPU
		{1D23A566-DF2C-4219-A7E9-ADAA69CDFC60}.Debug|Any CPU.Build.0 = Debug|Any CPU
		{1D23A566-DF2C-4219-A7E9-ADAA69CDFC60}.Release|Any CPU.ActiveCfg = Release|Any CPU
		{1D23A566-DF2C-4219-A7E9-ADAA69CDFC60}.Release|Any CPU.Build.0 = Release|Any CPU
	EndGlobalSection
	GlobalSection(SolutionProperties) = preSolution
		HideSolutionNode = FALSE
	EndGlobalSection
	GlobalSection(ExtensibilityGlobals) = postSolution
		SolutionGuid = {89D69966-F4E8-47D3-8961-7A39C25DD9C5}
	EndGlobalSection
EndGlobal
